// !$*UTF8*$!
{
	archiveVersion = 1;
	classes = {
	};
	objectVersion = 52;
	objects = {

/* Begin PBXBuildFile section */
		746C968F261513E00091F44A /* AnalyticsCoreModule in Frameworks */ = {isa = PBXBuildFile; productRef = 746C968E261513E00091F44A /* AnalyticsCoreModule */; };
		7B8C082D26092676006A0D66 /* AnalyticsCoreAdapter.framework in Frameworks */ = {isa = PBXBuildFile; fileRef = 7B8C082326092676006A0D66 /* AnalyticsCoreAdapter.framework */; };
		7B8C083226092676006A0D66 /* AnalyticsCoreAdapterTests.swift in Sources */ = {isa = PBXBuildFile; fileRef = 7B8C083126092676006A0D66 /* AnalyticsCoreAdapterTests.swift */; };
		7B8C083426092676006A0D66 /* AnalyticsCoreAdapter.h in Headers */ = {isa = PBXBuildFile; fileRef = 7B8C082626092676006A0D66 /* AnalyticsCoreAdapter.h */; settings = {ATTRIBUTES = (Public, ); }; };
		7B8C085C2609294E006A0D66 /* FirebaseAnalytics in Frameworks */ = {isa = PBXBuildFile; productRef = 7B8C085B2609294E006A0D66 /* FirebaseAnalytics */; };
		7B8C086026092A52006A0D66 /* Adjust in Frameworks */ = {isa = PBXBuildFile; productRef = 7B8C085F26092A52006A0D66 /* Adjust */; };
		7B9D122C260935B80068238D /* BaseAnalyticsLogger.swift in Sources */ = {isa = PBXBuildFile; fileRef = 7B9D122B260935B80068238D /* BaseAnalyticsLogger.swift */; };
		7B9FBD7C26092C690053026C /* AdjustAnalyticsEngine.swift in Sources */ = {isa = PBXBuildFile; fileRef = 7B9FBD7A26092C690053026C /* AdjustAnalyticsEngine.swift */; };
		7B9FBD7D26092C690053026C /* FirebaseAnalyticsEngine.swift in Sources */ = {isa = PBXBuildFile; fileRef = 7B9FBD7B26092C690053026C /* FirebaseAnalyticsEngine.swift */; };
		7B9FBD8126092CB80053026C /* AnalyticsEngineType.swift in Sources */ = {isa = PBXBuildFile; fileRef = 7B9FBD8026092CB80053026C /* AnalyticsEngineType.swift */; };
/* End PBXBuildFile section */

/* Begin PBXContainerItemProxy section */
		7B8C082E26092676006A0D66 /* PBXContainerItemProxy */ = {
			isa = PBXContainerItemProxy;
			containerPortal = 7B8C081A26092676006A0D66 /* Project object */;
			proxyType = 1;
			remoteGlobalIDString = 7B8C082226092676006A0D66;
			remoteInfo = AnalyticsCoreAdapter;
		};
/* End PBXContainerItemProxy section */

/* Begin PBXFileReference section */
		7B8C082326092676006A0D66 /* AnalyticsCoreAdapter.framework */ = {isa = PBXFileReference; explicitFileType = wrapper.framework; includeInIndex = 0; path = AnalyticsCoreAdapter.framework; sourceTree = BUILT_PRODUCTS_DIR; };
		7B8C082626092676006A0D66 /* AnalyticsCoreAdapter.h */ = {isa = PBXFileReference; lastKnownFileType = sourcecode.c.h; path = AnalyticsCoreAdapter.h; sourceTree = "<group>"; };
		7B8C082726092676006A0D66 /* Info.plist */ = {isa = PBXFileReference; lastKnownFileType = text.plist.xml; path = Info.plist; sourceTree = "<group>"; };
		7B8C082C26092676006A0D66 /* AnalyticsCoreAdapterTests.xctest */ = {isa = PBXFileReference; explicitFileType = wrapper.cfbundle; includeInIndex = 0; path = AnalyticsCoreAdapterTests.xctest; sourceTree = BUILT_PRODUCTS_DIR; };
		7B8C083126092676006A0D66 /* AnalyticsCoreAdapterTests.swift */ = {isa = PBXFileReference; lastKnownFileType = sourcecode.swift; path = AnalyticsCoreAdapterTests.swift; sourceTree = "<group>"; };
		7B8C083326092676006A0D66 /* Info.plist */ = {isa = PBXFileReference; lastKnownFileType = text.plist.xml; path = Info.plist; sourceTree = "<group>"; };
		7B8C0855260926E6006A0D66 /* AnalyticsCoreModule.framework */ = {isa = PBXFileReference; explicitFileType = wrapper.framework; path = AnalyticsCoreModule.framework; sourceTree = BUILT_PRODUCTS_DIR; };
		7B9D122B260935B80068238D /* BaseAnalyticsLogger.swift */ = {isa = PBXFileReference; fileEncoding = 4; lastKnownFileType = sourcecode.swift; path = BaseAnalyticsLogger.swift; sourceTree = "<group>"; };
		7B9FBD7A26092C690053026C /* AdjustAnalyticsEngine.swift */ = {isa = PBXFileReference; fileEncoding = 4; lastKnownFileType = sourcecode.swift; path = AdjustAnalyticsEngine.swift; sourceTree = "<group>"; };
		7B9FBD7B26092C690053026C /* FirebaseAnalyticsEngine.swift */ = {isa = PBXFileReference; fileEncoding = 4; lastKnownFileType = sourcecode.swift; path = FirebaseAnalyticsEngine.swift; sourceTree = "<group>"; };
		7B9FBD8026092CB80053026C /* AnalyticsEngineType.swift */ = {isa = PBXFileReference; lastKnownFileType = sourcecode.swift; path = AnalyticsEngineType.swift; sourceTree = "<group>"; };
/* End PBXFileReference section */

/* Begin PBXFrameworksBuildPhase section */
		7B8C082026092676006A0D66 /* Frameworks */ = {
			isa = PBXFrameworksBuildPhase;
			buildActionMask = 2147483647;
			files = (
				746C968F261513E00091F44A /* AnalyticsCoreModule in Frameworks */,
				7B8C085C2609294E006A0D66 /* FirebaseAnalytics in Frameworks */,
				7B8C086026092A52006A0D66 /* Adjust in Frameworks */,
			);
			runOnlyForDeploymentPostprocessing = 0;
		};
		7B8C082926092676006A0D66 /* Frameworks */ = {
			isa = PBXFrameworksBuildPhase;
			buildActionMask = 2147483647;
			files = (
				7B8C082D26092676006A0D66 /* AnalyticsCoreAdapter.framework in Frameworks */,
			);
			runOnlyForDeploymentPostprocessing = 0;
		};
/* End PBXFrameworksBuildPhase section */

/* Begin PBXGroup section */
		7B8C081926092676006A0D66 = {
			isa = PBXGroup;
			children = (
				7B8C082526092676006A0D66 /* AnalyticsCoreAdapter */,
				7B8C083026092676006A0D66 /* AnalyticsCoreAdapterTests */,
				7B8C082426092676006A0D66 /* Products */,
				7B8C0854260926E6006A0D66 /* Frameworks */,
			);
			sourceTree = "<group>";
		};
		7B8C082426092676006A0D66 /* Products */ = {
			isa = PBXGroup;
			children = (
				7B8C082326092676006A0D66 /* AnalyticsCoreAdapter.framework */,
				7B8C082C26092676006A0D66 /* AnalyticsCoreAdapterTests.xctest */,
			);
			name = Products;
			sourceTree = "<group>";
		};
		7B8C082526092676006A0D66 /* AnalyticsCoreAdapter */ = {
			isa = PBXGroup;
			children = (
				7B9D122B260935B80068238D /* BaseAnalyticsLogger.swift */,
				7B9FBD7A26092C690053026C /* AdjustAnalyticsEngine.swift */,
				7B9FBD7B26092C690053026C /* FirebaseAnalyticsEngine.swift */,
				7B8C082626092676006A0D66 /* AnalyticsCoreAdapter.h */,
				7B8C082726092676006A0D66 /* Info.plist */,
				7B9FBD8026092CB80053026C /* AnalyticsEngineType.swift */,
			);
			path = AnalyticsCoreAdapter;
			sourceTree = "<group>";
		};
		7B8C083026092676006A0D66 /* AnalyticsCoreAdapterTests */ = {
			isa = PBXGroup;
			children = (
				7B8C083126092676006A0D66 /* AnalyticsCoreAdapterTests.swift */,
				7B8C083326092676006A0D66 /* Info.plist */,
			);
			path = AnalyticsCoreAdapterTests;
			sourceTree = "<group>";
		};
		7B8C0854260926E6006A0D66 /* Frameworks */ = {
			isa = PBXGroup;
			children = (
				7B8C0855260926E6006A0D66 /* AnalyticsCoreModule.framework */,
			);
			name = Frameworks;
			sourceTree = "<group>";
		};
/* End PBXGroup section */

/* Begin PBXHeadersBuildPhase section */
		7B8C081E26092676006A0D66 /* Headers */ = {
			isa = PBXHeadersBuildPhase;
			buildActionMask = 2147483647;
			files = (
				7B8C083426092676006A0D66 /* AnalyticsCoreAdapter.h in Headers */,
			);
			runOnlyForDeploymentPostprocessing = 0;
		};
/* End PBXHeadersBuildPhase section */

/* Begin PBXNativeTarget section */
		7B8C082226092676006A0D66 /* AnalyticsCoreAdapter */ = {
			isa = PBXNativeTarget;
			buildConfigurationList = 7B8C083726092676006A0D66 /* Build configuration list for PBXNativeTarget "AnalyticsCoreAdapter" */;
			buildPhases = (
				7B8C081E26092676006A0D66 /* Headers */,
				7B8C081F26092676006A0D66 /* Sources */,
				7B8C082026092676006A0D66 /* Frameworks */,
				7B8C082126092676006A0D66 /* Resources */,
			);
			buildRules = (
			);
			dependencies = (
			);
			name = AnalyticsCoreAdapter;
			packageProductDependencies = (
				7B8C085B2609294E006A0D66 /* FirebaseAnalytics */,
				7B8C085F26092A52006A0D66 /* Adjust */,
				746C968E261513E00091F44A /* AnalyticsCoreModule */,
			);
			productName = AnalyticsCoreAdapter;
			productReference = 7B8C082326092676006A0D66 /* AnalyticsCoreAdapter.framework */;
			productType = "com.apple.product-type.framework";
		};
		7B8C082B26092676006A0D66 /* AnalyticsCoreAdapterTests */ = {
			isa = PBXNativeTarget;
			buildConfigurationList = 7B8C083A26092676006A0D66 /* Build configuration list for PBXNativeTarget "AnalyticsCoreAdapterTests" */;
			buildPhases = (
				7B8C082826092676006A0D66 /* Sources */,
				7B8C082926092676006A0D66 /* Frameworks */,
				7B8C082A26092676006A0D66 /* Resources */,
			);
			buildRules = (
			);
			dependencies = (
				7B8C082F26092676006A0D66 /* PBXTargetDependency */,
			);
			name = AnalyticsCoreAdapterTests;
			productName = AnalyticsCoreAdapterTests;
			productReference = 7B8C082C26092676006A0D66 /* AnalyticsCoreAdapterTests.xctest */;
			productType = "com.apple.product-type.bundle.unit-test";
		};
/* End PBXNativeTarget section */

/* Begin PBXProject section */
		7B8C081A26092676006A0D66 /* Project object */ = {
			isa = PBXProject;
			attributes = {
				LastSwiftUpdateCheck = 1240;
				LastUpgradeCheck = 1240;
				TargetAttributes = {
					7B8C082226092676006A0D66 = {
						CreatedOnToolsVersion = 12.4;
						LastSwiftMigration = 1240;
					};
					7B8C082B26092676006A0D66 = {
						CreatedOnToolsVersion = 12.4;
					};
				};
			};
			buildConfigurationList = 7B8C081D26092676006A0D66 /* Build configuration list for PBXProject "AnalyticsCoreAdapter" */;
			compatibilityVersion = "Xcode 9.3";
			developmentRegion = en;
			hasScannedForEncodings = 0;
			knownRegions = (
				en,
				Base,
			);
			mainGroup = 7B8C081926092676006A0D66;
			packageReferences = (
				7B8C085A2609294E006A0D66 /* XCRemoteSwiftPackageReference "firebase-ios-sdk" */,
				7B8C085E26092A51006A0D66 /* XCRemoteSwiftPackageReference "ios_sdk" */,
				746C968D261513DF0091F44A /* XCRemoteSwiftPackageReference "AnalyticsCoreModule" */,
			);
			productRefGroup = 7B8C082426092676006A0D66 /* Products */;
			projectDirPath = "";
			projectRoot = "";
			targets = (
				7B8C082226092676006A0D66 /* AnalyticsCoreAdapter */,
				7B8C082B26092676006A0D66 /* AnalyticsCoreAdapterTests */,
			);
		};
/* End PBXProject section */

/* Begin PBXResourcesBuildPhase section */
		7B8C082126092676006A0D66 /* Resources */ = {
			isa = PBXResourcesBuildPhase;
			buildActionMask = 2147483647;
			files = (
			);
			runOnlyForDeploymentPostprocessing = 0;
		};
		7B8C082A26092676006A0D66 /* Resources */ = {
			isa = PBXResourcesBuildPhase;
			buildActionMask = 2147483647;
			files = (
			);
			runOnlyForDeploymentPostprocessing = 0;
		};
/* End PBXResourcesBuildPhase section */

/* Begin PBXSourcesBuildPhase section */
		7B8C081F26092676006A0D66 /* Sources */ = {
			isa = PBXSourcesBuildPhase;
			buildActionMask = 2147483647;
			files = (
				7B9FBD7C26092C690053026C /* AdjustAnalyticsEngine.swift in Sources */,
				7B9FBD7D26092C690053026C /* FirebaseAnalyticsEngine.swift in Sources */,
				7B9FBD8126092CB80053026C /* AnalyticsEngineType.swift in Sources */,
				7B9D122C260935B80068238D /* BaseAnalyticsLogger.swift in Sources */,
			);
			runOnlyForDeploymentPostprocessing = 0;
		};
		7B8C082826092676006A0D66 /* Sources */ = {
			isa = PBXSourcesBuildPhase;
			buildActionMask = 2147483647;
			files = (
				7B8C083226092676006A0D66 /* AnalyticsCoreAdapterTests.swift in Sources */,
			);
			runOnlyForDeploymentPostprocessing = 0;
		};
/* End PBXSourcesBuildPhase section */

/* Begin PBXTargetDependency section */
		7B8C082F26092676006A0D66 /* PBXTargetDependency */ = {
			isa = PBXTargetDependency;
			target = 7B8C082226092676006A0D66 /* AnalyticsCoreAdapter */;
			targetProxy = 7B8C082E26092676006A0D66 /* PBXContainerItemProxy */;
		};
/* End PBXTargetDependency section */

/* Begin XCBuildConfiguration section */
		7B8C083526092676006A0D66 /* Debug */ = {
			isa = XCBuildConfiguration;
			buildSettings = {
				ALWAYS_SEARCH_USER_PATHS = NO;
				CLANG_ANALYZER_NONNULL = YES;
				CLANG_ANALYZER_NUMBER_OBJECT_CONVERSION = YES_AGGRESSIVE;
				CLANG_CXX_LANGUAGE_STANDARD = "gnu++14";
				CLANG_CXX_LIBRARY = "libc++";
				CLANG_ENABLE_MODULES = YES;
				CLANG_ENABLE_OBJC_ARC = YES;
				CLANG_ENABLE_OBJC_WEAK = YES;
				CLANG_WARN_BLOCK_CAPTURE_AUTORELEASING = YES;
				CLANG_WARN_BOOL_CONVERSION = YES;
				CLANG_WARN_COMMA = YES;
				CLANG_WARN_CONSTANT_CONVERSION = YES;
				CLANG_WARN_DEPRECATED_OBJC_IMPLEMENTATIONS = YES;
				CLANG_WARN_DIRECT_OBJC_ISA_USAGE = YES_ERROR;
				CLANG_WARN_DOCUMENTATION_COMMENTS = YES;
				CLANG_WARN_EMPTY_BODY = YES;
				CLANG_WARN_ENUM_CONVERSION = YES;
				CLANG_WARN_INFINITE_RECURSION = YES;
				CLANG_WARN_INT_CONVERSION = YES;
				CLANG_WARN_NON_LITERAL_NULL_CONVERSION = YES;
				CLANG_WARN_OBJC_IMPLICIT_RETAIN_SELF = YES;
				CLANG_WARN_OBJC_LITERAL_CONVERSION = YES;
				CLANG_WARN_OBJC_ROOT_CLASS = YES_ERROR;
				CLANG_WARN_QUOTED_INCLUDE_IN_FRAMEWORK_HEADER = YES;
				CLANG_WARN_RANGE_LOOP_ANALYSIS = YES;
				CLANG_WARN_STRICT_PROTOTYPES = YES;
				CLANG_WARN_SUSPICIOUS_MOVE = YES;
				CLANG_WARN_UNGUARDED_AVAILABILITY = YES_AGGRESSIVE;
				CLANG_WARN_UNREACHABLE_CODE = YES;
				CLANG_WARN__DUPLICATE_METHOD_MATCH = YES;
				COPY_PHASE_STRIP = NO;
				CURRENT_PROJECT_VERSION = 1;
				DEBUG_INFORMATION_FORMAT = dwarf;
				ENABLE_STRICT_OBJC_MSGSEND = YES;
				ENABLE_TESTABILITY = YES;
				GCC_C_LANGUAGE_STANDARD = gnu11;
				GCC_DYNAMIC_NO_PIC = NO;
				GCC_NO_COMMON_BLOCKS = YES;
				GCC_OPTIMIZATION_LEVEL = 0;
				GCC_PREPROCESSOR_DEFINITIONS = (
					"DEBUG=1",
					"$(inherited)",
				);
				GCC_WARN_64_TO_32_BIT_CONVERSION = YES;
				GCC_WARN_ABOUT_RETURN_TYPE = YES_ERROR;
				GCC_WARN_UNDECLARED_SELECTOR = YES;
				GCC_WARN_UNINITIALIZED_AUTOS = YES_AGGRESSIVE;
				GCC_WARN_UNUSED_FUNCTION = YES;
				GCC_WARN_UNUSED_VARIABLE = YES;
				IPHONEOS_DEPLOYMENT_TARGET = 13;
				MTL_ENABLE_DEBUG_INFO = INCLUDE_SOURCE;
				MTL_FAST_MATH = YES;
				ONLY_ACTIVE_ARCH = YES;
				SDKROOT = iphoneos;
				SWIFT_ACTIVE_COMPILATION_CONDITIONS = DEBUG;
				SWIFT_OPTIMIZATION_LEVEL = "-Onone";
				VERSIONING_SYSTEM = "apple-generic";
				VERSION_INFO_PREFIX = "";
			};
			name = Debug;
		};
		7B8C083626092676006A0D66 /* Release */ = {
			isa = XCBuildConfiguration;
			buildSettings = {
				ALWAYS_SEARCH_USER_PATHS = NO;
				CLANG_ANALYZER_NONNULL = YES;
				CLANG_ANALYZER_NUMBER_OBJECT_CONVERSION = YES_AGGRESSIVE;
				CLANG_CXX_LANGUAGE_STANDARD = "gnu++14";
				CLANG_CXX_LIBRARY = "libc++";
				CLANG_ENABLE_MODULES = YES;
				CLANG_ENABLE_OBJC_ARC = YES;
				CLANG_ENABLE_OBJC_WEAK = YES;
				CLANG_WARN_BLOCK_CAPTURE_AUTORELEASING = YES;
				CLANG_WARN_BOOL_CONVERSION = YES;
				CLANG_WARN_COMMA = YES;
				CLANG_WARN_CONSTANT_CONVERSION = YES;
				CLANG_WARN_DEPRECATED_OBJC_IMPLEMENTATIONS = YES;
				CLANG_WARN_DIRECT_OBJC_ISA_USAGE = YES_ERROR;
				CLANG_WARN_DOCUMENTATION_COMMENTS = YES;
				CLANG_WARN_EMPTY_BODY = YES;
				CLANG_WARN_ENUM_CONVERSION = YES;
				CLANG_WARN_INFINITE_RECURSION = YES;
				CLANG_WARN_INT_CONVERSION = YES;
				CLANG_WARN_NON_LITERAL_NULL_CONVERSION = YES;
				CLANG_WARN_OBJC_IMPLICIT_RETAIN_SELF = YES;
				CLANG_WARN_OBJC_LITERAL_CONVERSION = YES;
				CLANG_WARN_OBJC_ROOT_CLASS = YES_ERROR;
				CLANG_WARN_QUOTED_INCLUDE_IN_FRAMEWORK_HEADER = YES;
				CLANG_WARN_RANGE_LOOP_ANALYSIS = YES;
				CLANG_WARN_STRICT_PROTOTYPES = YES;
				CLANG_WARN_SUSPICIOUS_MOVE = YES;
				CLANG_WARN_UNGUARDED_AVAILABILITY = YES_AGGRESSIVE;
				CLANG_WARN_UNREACHABLE_CODE = YES;
				CLANG_WARN__DUPLICATE_METHOD_MATCH = YES;
				COPY_PHASE_STRIP = NO;
				CURRENT_PROJECT_VERSION = 1;
				DEBUG_INFORMATION_FORMAT = "dwarf-with-dsym";
				ENABLE_NS_ASSERTIONS = NO;
				ENABLE_STRICT_OBJC_MSGSEND = YES;
				GCC_C_LANGUAGE_STANDARD = gnu11;
				GCC_NO_COMMON_BLOCKS = YES;
				GCC_WARN_64_TO_32_BIT_CONVERSION = YES;
				GCC_WARN_ABOUT_RETURN_TYPE = YES_ERROR;
				GCC_WARN_UNDECLARED_SELECTOR = YES;
				GCC_WARN_UNINITIALIZED_AUTOS = YES_AGGRESSIVE;
				GCC_WARN_UNUSED_FUNCTION = YES;
				GCC_WARN_UNUSED_VARIABLE = YES;
				IPHONEOS_DEPLOYMENT_TARGET = 13;
				MTL_ENABLE_DEBUG_INFO = NO;
				MTL_FAST_MATH = YES;
				SDKROOT = iphoneos;
				SWIFT_COMPILATION_MODE = wholemodule;
				SWIFT_OPTIMIZATION_LEVEL = "-O";
				VALIDATE_PRODUCT = YES;
				VERSIONING_SYSTEM = "apple-generic";
				VERSION_INFO_PREFIX = "";
			};
			name = Release;
		};
		7B8C083826092676006A0D66 /* Debug */ = {
			isa = XCBuildConfiguration;
			buildSettings = {
				CLANG_ENABLE_MODULES = YES;
				CODE_SIGN_STYLE = Automatic;
				DEFINES_MODULE = YES;
				DYLIB_COMPATIBILITY_VERSION = 1;
				DYLIB_CURRENT_VERSION = 1;
				DYLIB_INSTALL_NAME_BASE = "@rpath";
				INFOPLIST_FILE = AnalyticsCoreAdapter/Info.plist;
				INSTALL_PATH = "$(LOCAL_LIBRARY_DIR)/Frameworks";
				LD_RUNPATH_SEARCH_PATHS = (
					"$(inherited)",
					"@executable_path/Frameworks",
					"@loader_path/Frameworks",
				);
				PRODUCT_BUNDLE_IDENTIFIER = com.ermu.AnalyticsCoreAdapter;
				PRODUCT_NAME = "$(TARGET_NAME:c99extidentifier)";
				SKIP_INSTALL = YES;
				SWIFT_OPTIMIZATION_LEVEL = "-Onone";
				SWIFT_VERSION = 5.0;
				TARGETED_DEVICE_FAMILY = "1,2";
			};
			name = Debug;
		};
		7B8C083926092676006A0D66 /* Release */ = {
			isa = XCBuildConfiguration;
			buildSettings = {
				CLANG_ENABLE_MODULES = YES;
				CODE_SIGN_STYLE = Automatic;
				DEFINES_MODULE = YES;
				DYLIB_COMPATIBILITY_VERSION = 1;
				DYLIB_CURRENT_VERSION = 1;
				DYLIB_INSTALL_NAME_BASE = "@rpath";
				INFOPLIST_FILE = AnalyticsCoreAdapter/Info.plist;
				INSTALL_PATH = "$(LOCAL_LIBRARY_DIR)/Frameworks";
				LD_RUNPATH_SEARCH_PATHS = (
					"$(inherited)",
					"@executable_path/Frameworks",
					"@loader_path/Frameworks",
				);
				PRODUCT_BUNDLE_IDENTIFIER = com.ermu.AnalyticsCoreAdapter;
				PRODUCT_NAME = "$(TARGET_NAME:c99extidentifier)";
				SKIP_INSTALL = YES;
				SWIFT_VERSION = 5.0;
				TARGETED_DEVICE_FAMILY = "1,2";
			};
			name = Release;
		};
		7B8C083B26092676006A0D66 /* Debug */ = {
			isa = XCBuildConfiguration;
			buildSettings = {
				ALWAYS_EMBED_SWIFT_STANDARD_LIBRARIES = YES;
				CODE_SIGN_STYLE = Automatic;
				INFOPLIST_FILE = AnalyticsCoreAdapterTests/Info.plist;
				LD_RUNPATH_SEARCH_PATHS = (
					"$(inherited)",
					"@executable_path/Frameworks",
					"@loader_path/Frameworks",
				);
				PRODUCT_BUNDLE_IDENTIFIER = com.ermu.AnalyticsCoreAdapterTests;
				PRODUCT_NAME = "$(TARGET_NAME)";
				SWIFT_VERSION = 5.0;
				TARGETED_DEVICE_FAMILY = "1,2";
			};
			name = Debug;
		};
		7B8C083C26092676006A0D66 /* Release */ = {
			isa = XCBuildConfiguration;
			buildSettings = {
				ALWAYS_EMBED_SWIFT_STANDARD_LIBRARIES = YES;
				CODE_SIGN_STYLE = Automatic;
				INFOPLIST_FILE = AnalyticsCoreAdapterTests/Info.plist;
				LD_RUNPATH_SEARCH_PATHS = (
					"$(inherited)",
					"@executable_path/Frameworks",
					"@loader_path/Frameworks",
				);
				PRODUCT_BUNDLE_IDENTIFIER = com.ermu.AnalyticsCoreAdapterTests;
				PRODUCT_NAME = "$(TARGET_NAME)";
				SWIFT_VERSION = 5.0;
				TARGETED_DEVICE_FAMILY = "1,2";
			};
			name = Release;
		};
/* End XCBuildConfiguration section */

/* Begin XCConfigurationList section */
		7B8C081D26092676006A0D66 /* Build configuration list for PBXProject "AnalyticsCoreAdapter" */ = {
			isa = XCConfigurationList;
			buildConfigurations = (
				7B8C083526092676006A0D66 /* Debug */,
				7B8C083626092676006A0D66 /* Release */,
			);
			defaultConfigurationIsVisible = 0;
			defaultConfigurationName = Release;
		};
		7B8C083726092676006A0D66 /* Build configuration list for PBXNativeTarget "AnalyticsCoreAdapter" */ = {
			isa = XCConfigurationList;
			buildConfigurations = (
				7B8C083826092676006A0D66 /* Debug */,
				7B8C083926092676006A0D66 /* Release */,
			);
			defaultConfigurationIsVisible = 0;
			defaultConfigurationName = Release;
		};
		7B8C083A26092676006A0D66 /* Build configuration list for PBXNativeTarget "AnalyticsCoreAdapterTests" */ = {
			isa = XCConfigurationList;
			buildConfigurations = (
				7B8C083B26092676006A0D66 /* Debug */,
				7B8C083C26092676006A0D66 /* Release */,
			);
			defaultConfigurationIsVisible = 0;
			defaultConfigurationName = Release;
		};
/* End XCConfigurationList section */

/* Begin XCRemoteSwiftPackageReference section */
		746C968D261513DF0091F44A /* XCRemoteSwiftPackageReference "AnalyticsCoreModule" */ = {
			isa = XCRemoteSwiftPackageReference;
			repositoryURL = "https://github.com/swiftary/AnalyticsCoreModule.git";
			requirement = {
				kind = exactVersion;
				version = 1.0.0;
			};
		};
		7B8C085A2609294E006A0D66 /* XCRemoteSwiftPackageReference "firebase-ios-sdk" */ = {
			isa = XCRemoteSwiftPackageReference;
			repositoryURL = "https://github.com/firebase/firebase-ios-sdk.git";
			requirement = {
				kind = exactVersion;
				version = 7.8.1;
			};
		};
		7B8C085E26092A51006A0D66 /* XCRemoteSwiftPackageReference "ios_sdk" */ = {
			isa = XCRemoteSwiftPackageReference;
			repositoryURL = "https://github.com/adjust/ios_sdk";
			requirement = {
				kind = exactVersion;
				version = 4.27.0;
			};
		};
/* End XCRemoteSwiftPackageReference section */

/* Begin XCSwiftPackageProductDependency section */
		746C968E261513E00091F44A /* AnalyticsCoreModule */ = {
			isa = XCSwiftPackageProductDependency;
			package = 746C968D261513DF0091F44A /* XCRemoteSwiftPackageReference "AnalyticsCoreModule" */;
			productName = AnalyticsCoreModule;
		};
		7B8C085B2609294E006A0D66 /* FirebaseAnalytics */ = {
			isa = XCSwiftPackageProductDependency;
			package = 7B8C085A2609294E006A0D66 /* XCRemoteSwiftPackageReference "firebase-ios-sdk" */;
			productName = FirebaseAnalytics;
		};
		7B8C085F26092A52006A0D66 /* Adjust */ = {
			isa = XCSwiftPackageProductDependency;
			package = 7B8C085E26092A51006A0D66 /* XCRemoteSwiftPackageReference "ios_sdk" */;
			productName = Adjust;
		};
/* End XCSwiftPackageProductDependency section */
	};
	rootObject = 7B8C081A26092676006A0D66 /* Project object */;
}
